Microsoft Visual Studio Solution File, Format Version 12.00
# Visual Studio Version 17
VisualStudioVersion = 17.13.35931.197
MinimumVisualStudioVersion = 10.0.40219.1
Project("{FAE04EC0-301F-11D3-BF4B-00C04F79EFBC}") = "PinMame", "src\PinMame\PinMame.csproj", "{2ADBF037-6AE0-4C96-A72D-C584297A2ED1}"
EndProject
Project("{FAE04EC0-301F-11D3-BF4B-00C04F79EFBC}") = "PinMame.Tests", "src\PinMame.Tests\PinMame.Tests.csproj", "{AA3D6003-23B3-43E0-A17B-9C6A112719E8}"
EndProject
Project("{FAE04EC0-301F-11D3-BF4B-00C04F79EFBC}") = "PinMame.Example", "src\PinMame.Example\PinMame.Example.csproj", "{D7D48C33-A38B-407C-873B-FAED23FF7809}"
EndProject
Project("{2150E333-8FDC-42A3-9474-1A3956D46DE8}") = "Solution", "Solution", "{79D19FCB-15FA-4FE2-B9EE-BFE483130561}"
	ProjectSection(SolutionItems) = preProject
		.gitignore = .gitignore
		LICENSE.txt = LICENSE.txt
		README.md = README.md
		Directory.Build.props = Directory.Build.props
	EndProjectSection
EndProject
Project("{2150E333-8FDC-42A3-9474-1A3956D46DE8}") = "GitHub Workflows", "GitHub Workflows", "{F2103C9D-A488-4A8B-9C0D-3EFD9D782A03}"
	ProjectSection(SolutionItems) = preProject
		.github\workflows\build-and-publish.yml = .github\workflows\build-and-publish.yml
	EndProjectSection
EndProject
Global
	GlobalSection(SolutionConfigurationPlatforms) = preSolution
		Debug|x64 = Debug|x64
		Debug|x86 = Debug|x86
		Release|x64 = Release|x64
		Release|x86 = Release|x86
	EndGlobalSection
	GlobalSection(ProjectConfigurationPlatforms) = postSolution
		{2ADBF037-6AE0-4C96-A72D-C584297A2ED1}.Debug|x64.ActiveCfg = Debug|Any CPU
		{2ADBF037-6AE0-4C96-A72D-C584297A2ED1}.Debug|x64.Build.0 = Debug|Any CPU
		{2ADBF037-6AE0-4C96-A72D-C584297A2ED1}.Debug|x86.ActiveCfg = Debug|Any CPU
		{2ADBF037-6AE0-4C96-A72D-C584297A2ED1}.Debug|x86.Build.0 = Debug|Any CPU
		{2ADBF037-6AE0-4C96-A72D-C584297A2ED1}.Release|x64.ActiveCfg = Release|Any CPU
		{2ADBF037-6AE0-4C96-A72D-C584297A2ED1}.Release|x64.Build.0 = Release|Any CPU
		{2ADBF037-6AE0-4C96-A72D-C584297A2ED1}.Release|x86.ActiveCfg = Release|Any CPU
		{2ADBF037-6AE0-4C96-A72D-C584297A2ED1}.Release|x86.Build.0 = Release|Any CPU
		{AA3D6003-23B3-43E0-A17B-9C6A112719E8}.Debug|x64.ActiveCfg = Debug|Any CPU
		{AA3D6003-23B3-43E0-A17B-9C6A112719E8}.Debug|x64.Build.0 = Debug|Any CPU
		{AA3D6003-23B3-43E0-A17B-9C6A112719E8}.Debug|x86.ActiveCfg = Debug|Any CPU
		{AA3D6003-23B3-43E0-A17B-9C6A112719E8}.Debug|x86.Build.0 = Debug|Any CPU
		{AA3D6003-23B3-43E0-A17B-9C6A112719E8}.Release|x64.ActiveCfg = Release|Any CPU
		{AA3D6003-23B3-43E0-A17B-9C6A112719E8}.Release|x64.Build.0 = Release|Any CPU
		{AA3D6003-23B3-43E0-A17B-9C6A112719E8}.Release|x86.ActiveCfg = Release|Any CPU
		{AA3D6003-23B3-43E0-A17B-9C6A112719E8}.Release|x86.Build.0 = Release|Any CPU
		{D7D48C33-A38B-407C-873B-FAED23FF7809}.Debug|x64.ActiveCfg = Debug|Any CPU
		{D7D48C33-A38B-407C-873B-FAED23FF7809}.Debug|x64.Build.0 = Debug|Any CPU
		{D7D48C33-A38B-407C-873B-FAED23FF7809}.Debug|x86.ActiveCfg = Debug|Any CPU
		{D7D48C33-A38B-407C-873B-FAED23FF7809}.Debug|x86.Build.0 = Debug|Any CPU
		{D7D48C33-A38B-407C-873B-FAED23FF7809}.Release|x64.ActiveCfg = Release|Any CPU
		{D7D48C33-A38B-407C-873B-FAED23FF7809}.Release|x64.Build.0 = Release|Any CPU
		{D7D48C33-A38B-407C-873B-FAED23FF7809}.Release|x86.ActiveCfg = Release|Any CPU
		{D7D48C33-A38B-407C-873B-FAED23FF7809}.Release|x86.Build.0 = Release|Any CPU
	EndGlobalSection
	GlobalSection(SolutionProperties) = preSolution
		HideSolutionNode = FALSE
	EndGlobalSection
	GlobalSection(NestedProjects) = preSolution
		{F2103C9D-A488-4A8B-9C0D-3EFD9D782A03} = {79D19FCB-15FA-4FE2-B9EE-BFE483130561}
	EndGlobalSection
	GlobalSection(ExtensibilityGlobals) = postSolution
		SolutionGuid = {9408C7B1-E02E-4206-943B-C47EC904C5D2}
	EndGlobalSection
EndGlobal
