
Microsoft Visual Studio Solution File, Format Version 12.00
# Visual Studio 15
Project("{FAE04EC0-301F-11D3-BF4B-00C04F79EFBC}") = "PinMame", "src\PinMame\PinMame.csproj", "{2ADBF037-6AE0-4C96-A72D-C584297A2ED1}"
EndProject
Project("{FAE04EC0-301F-11D3-BF4B-00C04F79EFBC}") = "PinMame.Tests", "src\PinMame.Tests\PinMame.Tests.csproj", "{AA3D6003-23B3-43E0-A17B-9C6A112719E8}"
EndProject
Project("{FAE04EC0-301F-11D3-BF4B-00C04F79EFBC}") = "PinMame.Example", "src\PinMame.Example\PinMame.Example.csproj", "{D7D48C33-A38B-407C-873B-FAED23FF7809}"
EndProject
Global
	GlobalSection(SolutionConfigurationPlatforms) = preSolution
		Debug|Any CPU = Debug|Any CPU
		Debug|x64 = Debug|x64
		Debug|x86 = Debug|x86
		Release|Any CPU = Release|Any CPU
		Release|x64 = Release|x64
		Release|x86 = Release|x86
	EndGlobalSection
	GlobalSection(ProjectConfigurationPlatforms) = postSolution
		{2ADBF037-6AE0-4C96-A72D-C584297A2ED1}.Debug|Any CPU.ActiveCfg = Debug|Any CPU
		{2ADBF037-6AE0-4C96-A72D-C584297A2ED1}.Debug|Any CPU.Build.0 = Debug|Any CPU
		{2ADBF037-6AE0-4C96-A72D-C584297A2ED1}.Debug|x64.ActiveCfg = Debug|x64
		{2ADBF037-6AE0-4C96-A72D-C584297A2ED1}.Debug|x64.Build.0 = Debug|x64
		{2ADBF037-6AE0-4C96-A72D-C584297A2ED1}.Debug|x86.ActiveCfg = Debug|x86
		{2ADBF037-6AE0-4C96-A72D-C584297A2ED1}.Debug|x86.Build.0 = Debug|x86
		{2ADBF037-6AE0-4C96-A72D-C584297A2ED1}.Release|Any CPU.ActiveCfg = Release|Any CPU
		{2ADBF037-6AE0-4C96-A72D-C584297A2ED1}.Release|Any CPU.Build.0 = Release|Any CPU
		{2ADBF037-6AE0-4C96-A72D-C584297A2ED1}.Release|x64.ActiveCfg = Release|x64
		{2ADBF037-6AE0-4C96-A72D-C584297A2ED1}.Release|x64.Build.0 = Release|x64
		{2ADBF037-6AE0-4C96-A72D-C584297A2ED1}.Release|x86.ActiveCfg = Release|x86
		{2ADBF037-6AE0-4C96-A72D-C584297A2ED1}.Release|x86.Build.0 = Release|x86
		{AA3D6003-23B3-43E0-A17B-9C6A112719E8}.Debug|Any CPU.ActiveCfg = Debug|Any CPU
		{AA3D6003-23B3-43E0-A17B-9C6A112719E8}.Debug|Any CPU.Build.0 = Debug|Any CPU
		{AA3D6003-23B3-43E0-A17B-9C6A112719E8}.Debug|x64.ActiveCfg = Debug|x64
		{AA3D6003-23B3-43E0-A17B-9C6A112719E8}.Debug|x64.Build.0 = Debug|x64
		{AA3D6003-23B3-43E0-A17B-9C6A112719E8}.Debug|x86.ActiveCfg = Debug|x86
		{AA3D6003-23B3-43E0-A17B-9C6A112719E8}.Debug|x86.Build.0 = Debug|x86
		{AA3D6003-23B3-43E0-A17B-9C6A112719E8}.Release|Any CPU.ActiveCfg = Release|Any CPU
		{AA3D6003-23B3-43E0-A17B-9C6A112719E8}.Release|Any CPU.Build.0 = Release|Any CPU
		{AA3D6003-23B3-43E0-A17B-9C6A112719E8}.Release|x64.ActiveCfg = Release|x64
		{AA3D6003-23B3-43E0-A17B-9C6A112719E8}.Release|x64.Build.0 = Release|x64
		{AA3D6003-23B3-43E0-A17B-9C6A112719E8}.Release|x86.ActiveCfg = Release|x86
		{AA3D6003-23B3-43E0-A17B-9C6A112719E8}.Release|x86.Build.0 = Release|x86
		{D7D48C33-A38B-407C-873B-FAED23FF7809}.Debug|Any CPU.ActiveCfg = Debug|Any CPU
		{D7D48C33-A38B-407C-873B-FAED23FF7809}.Debug|Any CPU.Build.0 = Debug|Any CPU
		{D7D48C33-A38B-407C-873B-FAED23FF7809}.Debug|x64.ActiveCfg = Debug|x64
		{D7D48C33-A38B-407C-873B-FAED23FF7809}.Debug|x64.Build.0 = Debug|x64
		{D7D48C33-A38B-407C-873B-FAED23FF7809}.Debug|x86.ActiveCfg = Debug|x86
		{D7D48C33-A38B-407C-873B-FAED23FF7809}.Debug|x86.Build.0 = Debug|x86
		{D7D48C33-A38B-407C-873B-FAED23FF7809}.Release|Any CPU.ActiveCfg = Release|Any CPU
		{D7D48C33-A38B-407C-873B-FAED23FF7809}.Release|Any CPU.Build.0 = Release|Any CPU
		{D7D48C33-A38B-407C-873B-FAED23FF7809}.Release|x64.ActiveCfg = Release|x64
		{D7D48C33-A38B-407C-873B-FAED23FF7809}.Release|x64.Build.0 = Release|x64
		{D7D48C33-A38B-407C-873B-FAED23FF7809}.Release|x86.ActiveCfg = Release|x86
		{D7D48C33-A38B-407C-873B-FAED23FF7809}.Release|x86.Build.0 = Release|x86
	EndGlobalSection
EndGlobal
