
Microsoft Visual Studio Solution File, Format Version 12.00
# Visual Studio Version 16
VisualStudioVersion = 16.0.810.14
MinimumVisualStudioVersion = 10.0.40219.1
Project("{FAE04EC0-301F-11D3-BF4B-00C04F79EFBC}") = "PinMame", "PinMame.csproj", "{AF8DAF33-CE72-46E7-A3A1-C9D97446AC6B}"
EndProject
Global
	GlobalSection(SolutionConfigurationPlatforms) = preSolution
		Debug|Any CPU = Debug|Any CPU
		Release|Any CPU = Release|Any CPU
	EndGlobalSection
	GlobalSection(ProjectConfigurationPlatforms) = postSolution
		{AF8DAF33-CE72-46E7-A3A1-C9D97446AC6B}.Debug|Any CPU.ActiveCfg = Debug|Any CPU
		{AF8DAF33-CE72-46E7-A3A1-C9D97446AC6B}.Debug|Any CPU.Build.0 = Debug|Any CPU
		{AF8DAF33-CE72-46E7-A3A1-C9D97446AC6B}.Release|Any CPU.ActiveCfg = Release|Any CPU
		{AF8DAF33-CE72-46E7-A3A1-C9D97446AC6B}.Release|Any CPU.Build.0 = Release|Any CPU
	EndGlobalSection
	GlobalSection(SolutionProperties) = preSolution
		HideSolutionNode = FALSE
	EndGlobalSection
	GlobalSection(ExtensibilityGlobals) = postSolution
		SolutionGuid = {0D45A3CE-CA38-4C15-86C1-A95AD5B731C9}
	EndGlobalSection
EndGlobal
